
Microsoft Visual Studio Solution File, Format Version 12.00
# Visual Studio Version 17
VisualStudioVersion = 17.12.35527.113
MinimumVisualStudioVersion = 10.0.40219.1
Project("{FAE04EC0-301F-11D3-BF4B-00C04F79EFBC}") = "Study.Lab1", "Study.Lab1\Study.Lab1.csproj", "{8257BD25-502F-4948-BEDB-62D90A9A0E66}"
EndProject
Project("{FAE04EC0-301F-11D3-BF4B-00C04F79EFBC}") = "Study.Lab1.Logic", "Study.Lab1.Logic\Study.Lab1.Logic.csproj", "{9CE21FB6-11E9-42B7-820D-555935B954CF}"
EndProject
Project("{FAE04EC0-301F-11D3-BF4B-00C04F79EFBC}") = "Study.Lab1.Logic.UnitTests", "Study.Lab1.Logic.UnitTests\Study.Lab1.Logic.UnitTests.csproj", "{1C7C9D06-FB77-42DC-B56A-BB31ED9EF672}"
EndProject
Project("{2150E333-8FDC-42A3-9474-1A3956D46DE8}") = "Solution Items", "Solution Items", "{CA41AEC4-9B73-48D8-A862-65344F7DC654}"
	ProjectSection(SolutionItems) = preProject
		.gitattributes = .gitattributes
		.gitignore = .gitignore
		build.settings.props = build.settings.props
		README.md = README.md
		ReadmeGeneration.props = ReadmeGeneration.props
	EndProjectSection
EndProject
Project("{FAE04EC0-301F-11D3-BF4B-00C04F79EFBC}") = "Study.Lab1.Logic.Interfaces", "Study.Lab1.Logic.Interfaces\Study.Lab1.Logic.Interfaces.csproj", "{B6D679CF-BACE-4E1C-AA00-B7E48CD7E795}"
EndProject
Project("{FAE04EC0-301F-11D3-BF4B-00C04F79EFBC}") = "Study.Lab2", "Study.Lab2\Study.Lab2.csproj", "{2295AFCD-C939-4622-B3A7-9AB6CDB7A82A}"
EndProject
Project("{FAE04EC0-301F-11D3-BF4B-00C04F79EFBC}") = "Study.Lab2.Logic", "Study.Lab2.Logic\Study.Lab2.Logic.csproj", "{E6583E66-ADD8-4F13-89AB-82078E14BDEA}"
EndProject
Project("{FAE04EC0-301F-11D3-BF4B-00C04F79EFBC}") = "Study.Lab2.Logic.Interfaces", "Study.Lab2.Logic.Interfaces\Study.Lab2.Logic.Interfaces.csproj", "{6D212A0A-9486-436B-A989-93098187BFEC}"
EndProject
Project("{FAE04EC0-301F-11D3-BF4B-00C04F79EFBC}") = "Study.Lab2.Logic.UnitTests", "Study.Lab2.Logic.UnitTests\Study.Lab2.Logic.UnitTests.csproj", "{168257B8-0E8C-450F-AD0A-0C66548AC2C8}"
EndProject
Project("{2150E333-8FDC-42A3-9474-1A3956D46DE8}") = "src", "src", "{657A08C1-729D-4CC6-ACD1-C32D8928C298}"
EndProject
Project("{2150E333-8FDC-42A3-9474-1A3956D46DE8}") = "Lab1", "Lab1", "{16809600-4E58-4FFD-AF62-5966A545DB59}"
EndProject
Project("{2150E333-8FDC-42A3-9474-1A3956D46DE8}") = "Lab2", "Lab2", "{4D01EF27-6AA9-480E-9E90-AD04C388D6EA}"
EndProject
Project("{FAE04EC0-301F-11D3-BF4B-00C04F79EFBC}") = "CoreLib.Utilities", "CoreLib.Utilities\CoreLib.Utilities.csproj", "{170A3047-8B77-411A-ABCC-E38C0163AB04}"
EndProject
Project("{2150E333-8FDC-42A3-9474-1A3956D46DE8}") = "CoreLib", "CoreLib", "{C36166F1-EC64-4753-B0F9-D36FECA78743}"
EndProject
Project("{FAE04EC0-301F-11D3-BF4B-00C04F79EFBC}") = "CoreLib.Utilities.Interfaces", "CoreLib.Utilities.Interfaces\CoreLib.Utilities.Interfaces.csproj", "{A6AF5515-AF01-4897-9926-950B212838B1}"
EndProject
Project("{FAE04EC0-301F-11D3-BF4B-00C04F79EFBC}") = "CoreLib.Utilities.UnitTests", "CoreLib.Utilities.UnitTests\CoreLib.Utilities.UnitTests.csproj", "{2D5CDF6C-4F4F-46F2-811E-EC9AF2F2A819}"
EndProject
Project("{FAE04EC0-301F-11D3-BF4B-00C04F79EFBC}") = "CoreLib", "CoreLib\CoreLib.csproj", "{5061882D-B713-4D8A-89BE-1B7F55818415}"
EndProject
Project("{2150E333-8FDC-42A3-9474-1A3956D46DE8}") = "Lab3", "Lab3", "{F0861847-890B-4BFD-9C09-21D47C823165}"
EndProject
Project("{FAE04EC0-301F-11D3-BF4B-00C04F79EFBC}") = "Study.Lab3.Web", "Lab3.Web\Study.Lab3.Web.csproj", "{7716C77C-FE93-4936-9D28-74D21A9E9F7C}"
EndProject
Project("{FAE04EC0-301F-11D3-BF4B-00C04F79EFBC}") = "Study.Lab3.Storage", "Study.Lab3.Storage\Study.Lab3.Storage.csproj", "{B9732EBC-A3AA-43B7-860F-52EC26FED417}"
EndProject
Project("{FAE04EC0-301F-11D3-BF4B-00C04F79EFBC}") = "Study.Lab3.Storage.PostgreSQL", "Study.Lab3.Storage.PostgreSQL\Study.Lab3.Storage.PostgreSQL.csproj", "{B939EE3B-A761-41C3-94E4-D1092CDE43A0}"
EndProject
Project("{FAE04EC0-301F-11D3-BF4B-00C04F79EFBC}") = "Study.Lab3.Logic", "Study.Lab3.Logic\Study.Lab3.Logic.csproj", "{B120D68D-6874-4F48-B70D-544CA28DC337}"
EndProject
Project("{FAE04EC0-301F-11D3-BF4B-00C04F79EFBC}") = "CoreLib.Common", "CoreLib.Common\CoreLib.Common.csproj", "{E8CA6262-7587-4BAA-AA90-BB1EC2854E3D}"
EndProject
Project("{FAE04EC0-301F-11D3-BF4B-00C04F79EFBC}") = "Study.Lab3.Logic.Interfaces", "Study.Lab3.Logic.Interfaces\Study.Lab3.Logic.Interfaces.csproj", "{881475D9-10D8-4A22-93DD-20BD644DA134}"
EndProject
Global
	GlobalSection(SolutionConfigurationPlatforms) = preSolution
		Debug|Any CPU = Debug|Any CPU
		Release|Any CPU = Release|Any CPU
	EndGlobalSection
	GlobalSection(ProjectConfigurationPlatforms) = postSolution
		{8257BD25-502F-4948-BEDB-62D90A9A0E66}.Debug|Any CPU.ActiveCfg = Debug|Any CPU
		{8257BD25-502F-4948-BEDB-62D90A9A0E66}.Debug|Any CPU.Build.0 = Debug|Any CPU
		{8257BD25-502F-4948-BEDB-62D90A9A0E66}.Release|Any CPU.ActiveCfg = Release|Any CPU
		{8257BD25-502F-4948-BEDB-62D90A9A0E66}.Release|Any CPU.Build.0 = Release|Any CPU
		{9CE21FB6-11E9-42B7-820D-555935B954CF}.Debug|Any CPU.ActiveCfg = Debug|Any CPU
		{9CE21FB6-11E9-42B7-820D-555935B954CF}.Debug|Any CPU.Build.0 = Debug|Any CPU
		{9CE21FB6-11E9-42B7-820D-555935B954CF}.Release|Any CPU.ActiveCfg = Release|Any CPU
		{9CE21FB6-11E9-42B7-820D-555935B954CF}.Release|Any CPU.Build.0 = Release|Any CPU
		{1C7C9D06-FB77-42DC-B56A-BB31ED9EF672}.Debug|Any CPU.ActiveCfg = Debug|Any CPU
		{1C7C9D06-FB77-42DC-B56A-BB31ED9EF672}.Debug|Any CPU.Build.0 = Debug|Any CPU
		{1C7C9D06-FB77-42DC-B56A-BB31ED9EF672}.Release|Any CPU.ActiveCfg = Release|Any CPU
		{1C7C9D06-FB77-42DC-B56A-BB31ED9EF672}.Release|Any CPU.Build.0 = Release|Any CPU
		{B6D679CF-BACE-4E1C-AA00-B7E48CD7E795}.Debug|Any CPU.ActiveCfg = Debug|Any CPU
		{B6D679CF-BACE-4E1C-AA00-B7E48CD7E795}.Debug|Any CPU.Build.0 = Debug|Any CPU
		{B6D679CF-BACE-4E1C-AA00-B7E48CD7E795}.Release|Any CPU.ActiveCfg = Release|Any CPU
		{B6D679CF-BACE-4E1C-AA00-B7E48CD7E795}.Release|Any CPU.Build.0 = Release|Any CPU
		{2295AFCD-C939-4622-B3A7-9AB6CDB7A82A}.Debug|Any CPU.ActiveCfg = Debug|Any CPU
		{2295AFCD-C939-4622-B3A7-9AB6CDB7A82A}.Debug|Any CPU.Build.0 = Debug|Any CPU
		{2295AFCD-C939-4622-B3A7-9AB6CDB7A82A}.Release|Any CPU.ActiveCfg = Release|Any CPU
		{2295AFCD-C939-4622-B3A7-9AB6CDB7A82A}.Release|Any CPU.Build.0 = Release|Any CPU
		{E6583E66-ADD8-4F13-89AB-82078E14BDEA}.Debug|Any CPU.ActiveCfg = Debug|Any CPU
		{E6583E66-ADD8-4F13-89AB-82078E14BDEA}.Debug|Any CPU.Build.0 = Debug|Any CPU
		{E6583E66-ADD8-4F13-89AB-82078E14BDEA}.Release|Any CPU.ActiveCfg = Release|Any CPU
		{E6583E66-ADD8-4F13-89AB-82078E14BDEA}.Release|Any CPU.Build.0 = Release|Any CPU
		{6D212A0A-9486-436B-A989-93098187BFEC}.Debug|Any CPU.ActiveCfg = Debug|Any CPU
		{6D212A0A-9486-436B-A989-93098187BFEC}.Debug|Any CPU.Build.0 = Debug|Any CPU
		{6D212A0A-9486-436B-A989-93098187BFEC}.Release|Any CPU.ActiveCfg = Release|Any CPU
		{6D212A0A-9486-436B-A989-93098187BFEC}.Release|Any CPU.Build.0 = Release|Any CPU
		{168257B8-0E8C-450F-AD0A-0C66548AC2C8}.Debug|Any CPU.ActiveCfg = Debug|Any CPU
		{168257B8-0E8C-450F-AD0A-0C66548AC2C8}.Debug|Any CPU.Build.0 = Debug|Any CPU
		{168257B8-0E8C-450F-AD0A-0C66548AC2C8}.Release|Any CPU.ActiveCfg = Release|Any CPU
		{168257B8-0E8C-450F-AD0A-0C66548AC2C8}.Release|Any CPU.Build.0 = Release|Any CPU
		{170A3047-8B77-411A-ABCC-E38C0163AB04}.Debug|Any CPU.ActiveCfg = Debug|Any CPU
		{170A3047-8B77-411A-ABCC-E38C0163AB04}.Debug|Any CPU.Build.0 = Debug|Any CPU
		{170A3047-8B77-411A-ABCC-E38C0163AB04}.Release|Any CPU.ActiveCfg = Release|Any CPU
		{170A3047-8B77-411A-ABCC-E38C0163AB04}.Release|Any CPU.Build.0 = Release|Any CPU
		{A6AF5515-AF01-4897-9926-950B212838B1}.Debug|Any CPU.ActiveCfg = Debug|Any CPU
		{A6AF5515-AF01-4897-9926-950B212838B1}.Debug|Any CPU.Build.0 = Debug|Any CPU
		{A6AF5515-AF01-4897-9926-950B212838B1}.Release|Any CPU.ActiveCfg = Release|Any CPU
		{A6AF5515-AF01-4897-9926-950B212838B1}.Release|Any CPU.Build.0 = Release|Any CPU
		{2D5CDF6C-4F4F-46F2-811E-EC9AF2F2A819}.Debug|Any CPU.ActiveCfg = Debug|Any CPU
		{2D5CDF6C-4F4F-46F2-811E-EC9AF2F2A819}.Debug|Any CPU.Build.0 = Debug|Any CPU
		{2D5CDF6C-4F4F-46F2-811E-EC9AF2F2A819}.Release|Any CPU.ActiveCfg = Release|Any CPU
		{2D5CDF6C-4F4F-46F2-811E-EC9AF2F2A819}.Release|Any CPU.Build.0 = Release|Any CPU
		{5061882D-B713-4D8A-89BE-1B7F55818415}.Debug|Any CPU.ActiveCfg = Debug|Any CPU
		{5061882D-B713-4D8A-89BE-1B7F55818415}.Debug|Any CPU.Build.0 = Debug|Any CPU
		{5061882D-B713-4D8A-89BE-1B7F55818415}.Release|Any CPU.ActiveCfg = Release|Any CPU
		{5061882D-B713-4D8A-89BE-1B7F55818415}.Release|Any CPU.Build.0 = Release|Any CPU
		{7716C77C-FE93-4936-9D28-74D21A9E9F7C}.Debug|Any CPU.ActiveCfg = Debug|Any CPU
		{7716C77C-FE93-4936-9D28-74D21A9E9F7C}.Debug|Any CPU.Build.0 = Debug|Any CPU
		{7716C77C-FE93-4936-9D28-74D21A9E9F7C}.Release|Any CPU.ActiveCfg = Release|Any CPU
		{7716C77C-FE93-4936-9D28-74D21A9E9F7C}.Release|Any CPU.Build.0 = Release|Any CPU
		{B9732EBC-A3AA-43B7-860F-52EC26FED417}.Debug|Any CPU.ActiveCfg = Debug|Any CPU
		{B9732EBC-A3AA-43B7-860F-52EC26FED417}.Debug|Any CPU.Build.0 = Debug|Any CPU
		{B9732EBC-A3AA-43B7-860F-52EC26FED417}.Release|Any CPU.ActiveCfg = Release|Any CPU
		{B9732EBC-A3AA-43B7-860F-52EC26FED417}.Release|Any CPU.Build.0 = Release|Any CPU
		{B939EE3B-A761-41C3-94E4-D1092CDE43A0}.Debug|Any CPU.ActiveCfg = Debug|Any CPU
		{B939EE3B-A761-41C3-94E4-D1092CDE43A0}.Debug|Any CPU.Build.0 = Debug|Any CPU
		{B939EE3B-A761-41C3-94E4-D1092CDE43A0}.Release|Any CPU.ActiveCfg = Release|Any CPU
		{B939EE3B-A761-41C3-94E4-D1092CDE43A0}.Release|Any CPU.Build.0 = Release|Any CPU
		{B120D68D-6874-4F48-B70D-544CA28DC337}.Debug|Any CPU.ActiveCfg = Debug|Any CPU
		{B120D68D-6874-4F48-B70D-544CA28DC337}.Debug|Any CPU.Build.0 = Debug|Any CPU
		{B120D68D-6874-4F48-B70D-544CA28DC337}.Release|Any CPU.ActiveCfg = Release|Any CPU
		{B120D68D-6874-4F48-B70D-544CA28DC337}.Release|Any CPU.Build.0 = Release|Any CPU
		{E8CA6262-7587-4BAA-AA90-BB1EC2854E3D}.Debug|Any CPU.ActiveCfg = Debug|Any CPU
		{E8CA6262-7587-4BAA-AA90-BB1EC2854E3D}.Debug|Any CPU.Build.0 = Debug|Any CPU
		{E8CA6262-7587-4BAA-AA90-BB1EC2854E3D}.Release|Any CPU.ActiveCfg = Release|Any CPU
		{E8CA6262-7587-4BAA-AA90-BB1EC2854E3D}.Release|Any CPU.Build.0 = Release|Any CPU
		{881475D9-10D8-4A22-93DD-20BD644DA134}.Debug|Any CPU.ActiveCfg = Debug|Any CPU
		{881475D9-10D8-4A22-93DD-20BD644DA134}.Debug|Any CPU.Build.0 = Debug|Any CPU
		{881475D9-10D8-4A22-93DD-20BD644DA134}.Release|Any CPU.ActiveCfg = Release|Any CPU
		{881475D9-10D8-4A22-93DD-20BD644DA134}.Release|Any CPU.Build.0 = Release|Any CPU
	EndGlobalSection
	GlobalSection(SolutionProperties) = preSolution
		HideSolutionNode = FALSE
	EndGlobalSection
	GlobalSection(NestedProjects) = preSolution
		{8257BD25-502F-4948-BEDB-62D90A9A0E66} = {16809600-4E58-4FFD-AF62-5966A545DB59}
		{9CE21FB6-11E9-42B7-820D-555935B954CF} = {16809600-4E58-4FFD-AF62-5966A545DB59}
		{1C7C9D06-FB77-42DC-B56A-BB31ED9EF672} = {16809600-4E58-4FFD-AF62-5966A545DB59}
		{B6D679CF-BACE-4E1C-AA00-B7E48CD7E795} = {16809600-4E58-4FFD-AF62-5966A545DB59}
		{2295AFCD-C939-4622-B3A7-9AB6CDB7A82A} = {4D01EF27-6AA9-480E-9E90-AD04C388D6EA}
		{E6583E66-ADD8-4F13-89AB-82078E14BDEA} = {4D01EF27-6AA9-480E-9E90-AD04C388D6EA}
		{6D212A0A-9486-436B-A989-93098187BFEC} = {4D01EF27-6AA9-480E-9E90-AD04C388D6EA}
		{168257B8-0E8C-450F-AD0A-0C66548AC2C8} = {4D01EF27-6AA9-480E-9E90-AD04C388D6EA}
		{16809600-4E58-4FFD-AF62-5966A545DB59} = {657A08C1-729D-4CC6-ACD1-C32D8928C298}
		{4D01EF27-6AA9-480E-9E90-AD04C388D6EA} = {657A08C1-729D-4CC6-ACD1-C32D8928C298}
		{170A3047-8B77-411A-ABCC-E38C0163AB04} = {C36166F1-EC64-4753-B0F9-D36FECA78743}
		{C36166F1-EC64-4753-B0F9-D36FECA78743} = {657A08C1-729D-4CC6-ACD1-C32D8928C298}
		{A6AF5515-AF01-4897-9926-950B212838B1} = {C36166F1-EC64-4753-B0F9-D36FECA78743}
		{2D5CDF6C-4F4F-46F2-811E-EC9AF2F2A819} = {C36166F1-EC64-4753-B0F9-D36FECA78743}
		{5061882D-B713-4D8A-89BE-1B7F55818415} = {C36166F1-EC64-4753-B0F9-D36FECA78743}
		{F0861847-890B-4BFD-9C09-21D47C823165} = {657A08C1-729D-4CC6-ACD1-C32D8928C298}
		{7716C77C-FE93-4936-9D28-74D21A9E9F7C} = {F0861847-890B-4BFD-9C09-21D47C823165}
		{B9732EBC-A3AA-43B7-860F-52EC26FED417} = {F0861847-890B-4BFD-9C09-21D47C823165}
		{B939EE3B-A761-41C3-94E4-D1092CDE43A0} = {F0861847-890B-4BFD-9C09-21D47C823165}
		{B120D68D-6874-4F48-B70D-544CA28DC337} = {F0861847-890B-4BFD-9C09-21D47C823165}
		{E8CA6262-7587-4BAA-AA90-BB1EC2854E3D} = {C36166F1-EC64-4753-B0F9-D36FECA78743}
		{881475D9-10D8-4A22-93DD-20BD644DA134} = {F0861847-890B-4BFD-9C09-21D47C823165}
	EndGlobalSection
EndGlobal
